
Microsoft Visual Studio Solution File, Format Version 12.00
# Visual Studio Version 16
VisualStudioVersion = 16.0.30611.23
MinimumVisualStudioVersion = 10.0.40219.1
Project("{FAE04EC0-301F-11D3-BF4B-00C04F79EFBC}") = "NavyPqs", "NavyPqs\NavyPqs.csproj", "{A1D09842-AAFD-4037-BFC5-9239BC342FC6}"
EndProject
Project("{FAE04EC0-301F-11D3-BF4B-00C04F79EFBC}") = "NavyPqs.Tests", "NavyPqs.Tests\NavyPqs.Tests.csproj", "{66DC8090-4455-4935-891A-3B2BA8CC698B}"
EndProject
Global
	GlobalSection(SolutionConfigurationPlatforms) = preSolution
		Debug|Any CPU = Debug|Any CPU
		Release|Any CPU = Release|Any CPU
	EndGlobalSection
	GlobalSection(ProjectConfigurationPlatforms) = postSolution
		{A1D09842-AAFD-4037-BFC5-9239BC342FC6}.Debug|Any CPU.ActiveCfg = Debug|Any CPU
		{A1D09842-AAFD-4037-BFC5-9239BC342FC6}.Debug|Any CPU.Build.0 = Debug|Any CPU
		{A1D09842-AAFD-4037-BFC5-9239BC342FC6}.Release|Any CPU.ActiveCfg = Release|Any CPU
		{A1D09842-AAFD-4037-BFC5-9239BC342FC6}.Release|Any CPU.Build.0 = Release|Any CPU
		{66DC8090-4455-4935-891A-3B2BA8CC698B}.Debug|Any CPU.ActiveCfg = Debug|Any CPU
		{66DC8090-4455-4935-891A-3B2BA8CC698B}.Debug|Any CPU.Build.0 = Debug|Any CPU
		{66DC8090-4455-4935-891A-3B2BA8CC698B}.Release|Any CPU.ActiveCfg = Release|Any CPU
		{66DC8090-4455-4935-891A-3B2BA8CC698B}.Release|Any CPU.Build.0 = Release|Any CPU
	EndGlobalSection
	GlobalSection(SolutionProperties) = preSolution
		HideSolutionNode = FALSE
	EndGlobalSection
	GlobalSection(ExtensibilityGlobals) = postSolution
		SolutionGuid = {BBBC30E9-4017-4C4A-A071-8FF89975C39B}
	EndGlobalSection
EndGlobal
